# Generated for the pinned AI Middle Office production image.
# Base image: public.ecr.aws/docker/library/python:3.11-alpine3.23@sha256:f73754c398b259dfbbe482361dca8b464dea57da74efe5214966ca2ee767ee12
# Every selected wheel was verified against official PyPI metadata.
# Install with --require-hashes --only-binary=:all: --no-deps.

aiofiles==25.1.0 \
    --hash=sha256:abe311e527c862958650f9438e859c1fa7568a141b22abcd015e120e86a85695
alembic==1.18.4 \
    --hash=sha256:a5ed4adcf6d8a4cb575f3d759f071b03cd6e5c7618eb796cb52497be25bfe19a
amqp==5.3.1 \
    --hash=sha256:43b3319e1b4e7d1251833a93d672b4af1e40f3d632d479b98661a95f117880a2
annotated-doc==0.0.5 \
    --hash=sha256:117bac03a25ede5df5440e855b32d556049ca169ead221505badf432fed4b101
annotated-types==0.8.0 \
    --hash=sha256:f072f4d804ea359e4eaf198b1af7a8b0943881a87f31bb764f8bf219bb9419e0
anyio==4.14.2 \
    --hash=sha256:9f505dda5ac9f0c8309b5e8bd445a8c2bf7246f3ce950121e45ea15bc41d1494
argon2-cffi==25.1.0 \
    --hash=sha256:fdc8b074db390fccb6eb4a3604ae7231f219aa669a2652e0f20e16ba513d5741
argon2-cffi-bindings==25.1.0 \
    --hash=sha256:1db89609c06afa1a214a69a462ea741cf735b29a57530478c06eb81dd403de99
bcrypt==5.0.0 \
    --hash=sha256:61afc381250c3182d9078551e3ac3a41da14154fbff647ddf52a769f588c4172
billiard==4.2.4 \
    --hash=sha256:525b42bdec68d2b983347ac312f892db930858495db601b5836ac24e6477cde5
celery==5.6.3 \
    --hash=sha256:0808f42f80909c4d5833202360ffafb2a4f83f4d8e23e1285d926610e9a7afa6
certifi==2026.7.22 \
    --hash=sha256:62f22742b58a1a33014a2b6b706588a8d7e2a88ae7bd1a6ebe8c992928483775
cffi==2.1.1 \
    --hash=sha256:f5cfbc5fe74540d335175b656c725d74d90e3730c626d92575eea35029d9afaa
charset-normalizer==3.4.9 \
    --hash=sha256:280081916dc341820640489a66e4696049401ef1cf6dd672f672e70ad915aca3
click==8.4.2 \
    --hash=sha256:e6f9f66136c816745b9d65817da91d61d957fb16e02e4dcd0552553c5a197b76
click-didyoumean==0.3.1 \
    --hash=sha256:5c4bb6007cfea5f2fd6583a2fb6701a22a41eb98957e63d0fac41c10e7c3117c
click-plugins==1.1.1.2 \
    --hash=sha256:008d65743833ffc1f5417bf0e78e8d2c23aab04d9745ba817bd3e71b0feb6aa6
click-repl==0.3.0 \
    --hash=sha256:fb7e06deb8da8de86180a33a9da97ac316751c094c6899382da7feeeeb51b812
cryptography==50.0.0 \
    --hash=sha256:7cec5b856506da6defb290f30c9ee687d5f5e8cb0bd3f6459dde43b0b4fa40ef
Deprecated==1.3.1 \
    --hash=sha256:597bfef186b6f60181535a29fbe44865ce137a5079f295b479886c82729d5f3f
et_xmlfile==2.0.0 \
    --hash=sha256:7a91720bc756843502c3b7504c77b8fe44217c85c537d85037f0f536151b2caa
fastapi==0.136.0 \
    --hash=sha256:8793d44ec7378e2be07f8a013cf7f7aa47d6327d0dfe9804862688ec4541a6b4
greenlet==3.5.4 \
    --hash=sha256:e849e6e139b9671adeac505f72fc05f4af7fd1921faef40295e214fc3b361b59
h11==0.16.0 \
    --hash=sha256:63cf8bbe7522de3bf65932fda1d9c2772064ffb3dae62d55932da54b31cb6c86
httpcore==1.0.9 \
    --hash=sha256:2d400746a40668fc9dec9810239072b40b4484b640a8c38fd654a024c7a1bf55
httptools==0.8.0 \
    --hash=sha256:20b4aac66ff65f7db06a375808b78f42a94970aa22e826b3cb2b43eb09174124
httpx==0.28.1 \
    --hash=sha256:d909fcccc110f8c7faf814ca82a9a4d816bc5a6dbfea25d6591d6985b8ba59ad
idna==3.18 \
    --hash=sha256:7f952cbe720b688055e3f87de14f5c3e5fdaa8bc3928985c4077ca689de849a2
kombu==5.6.2 \
    --hash=sha256:efcfc559da324d41d61ca311b0c64965ea35b4c55cc04ee36e55386145dace93
limits==5.8.0 \
    --hash=sha256:ae1b008a43eb43073c3c579398bd4eb4c795de60952532dc24720ab45e1ac6b8
Mako==1.3.12 \
    --hash=sha256:8f61569480282dbf557145ce441e4ba888be453c30989f879f0d652e39f53ea9
MarkupSafe==3.0.3 \
    --hash=sha256:f9e130248f4462aaa8e2552d547f36ddadbeaa573879158d721bbd33dfe4743a
minio==7.2.20 \
    --hash=sha256:eb33dd2fb80e04c3726a76b13241c6be3c4c46f8d81e1d58e757786f6501897e
numpy==2.3.5 \
    --hash=sha256:396084a36abdb603546b119d96528c2f6263921c50df3c8fd7cb28873a237748
openpyxl==3.1.5 \
    --hash=sha256:5282c12b107bffeef825f4617dc029afaf41d0ea60823bbb665ef3079dc79de2
packaging==26.2 \
    --hash=sha256:5fc45236b9446107ff2415ce77c807cee2862cb6fac22b8a73826d0693b0980e
pdfminer.six==20260107 \
    --hash=sha256:366585ba97e80dffa8f00cebe303d2f381884d8637af4ce422f1df3ef38111a9
pdfplumber==0.11.10 \
    --hash=sha256:7741ea81bf165b474b153e6789d10d18e06b6ddcf3ec84289c3ef2fed6802580
pillow==12.3.0 \
    --hash=sha256:236ff70b9312fb68943c703aa842ca6a758abfa45ac187a5e7c1452e96ef72b5
prompt_toolkit==3.0.53 \
    --hash=sha256:01c0891d7f9237d5e339f7d3e42cdae80b7534abb1c7c0e3352efba6231492f2
pycparser==3.0 \
    --hash=sha256:b727414169a36b7d524c1c3e31839a521725078d7b2ff038656844266160a992
pycryptodome==3.23.0 \
    --hash=sha256:dea827b4d55ee390dc89b2afe5927d4308a8b538ae91d9c6f7a5090f397af1aa
pydantic==2.13.4 \
    --hash=sha256:45a282cde31d808236fd7ea9d919b128653c8b38b393d1c4ab335c62924d9aba
pydantic_core==2.46.4 \
    --hash=sha256:a0f62d0a58f4e7da165457e995725421e0064f2255d8eccebc49f41bbc23b109
PyJWT==2.13.0 \
    --hash=sha256:66adcc2aff09b3f1bbd95fc1e1577df8ac8723c978552fd43304c8a290ac5728
PyMySQL==1.1.2 \
    --hash=sha256:e6b1d89711dd51f8f74b1631fe08f039e7d76cf67a42a323d3178f0f25762ed9
pypdf==6.15.0 \
    --hash=sha256:14e001d6504822cb1ca9c7ed9a69bccb320f59b320730f55af804361abe4d5ee
pypdfium2==5.10.1 \
    --hash=sha256:f2803020952afa57e1e148adc19369b835154e1fa251a1ca85008ab6466a710f
python-dateutil==2.9.0.post0 \
    --hash=sha256:a8b2bc7bffae282281c8140a97d3aa9c14da0b136dfe83f850eea9a5f7470427
python-dotenv==1.2.2 \
    --hash=sha256:1d8214789a24de455a8b8bd8ae6fe3c6b69a5e3d64aa8a8e5d68e694bbcb285a
python-multipart==0.0.32 \
    --hash=sha256:ff6d3f776f16878c894e52e107296ffc890e913c611b1a4ec6c44e2821fe2e23
PyYAML==6.0.2 \
    --hash=sha256:797b4f722ffa07cc8d62053e4cff1486fa6dc094105d13fea7b1de7d8bf71c9e
redis==6.4.0 \
    --hash=sha256:f0544fa9604264e9464cdf4814e7d4830f74b165d52f2a330a760a88dd248b7f
reportlab==5.0.0 \
    --hash=sha256:9d5a3affa84919e1111ede580031266a570e93b1ce388219621347965ff1d93c
six==1.17.0 \
    --hash=sha256:4721f391ed90541fddacab5acf947aa0d3dc7d27b2e1e8eda2be8970586c3274
slowapi==0.1.9 \
    --hash=sha256:cfad116cfb84ad9d763ee155c1e5c5cbf00b0d47399a769b227865f5df576e36
SQLAlchemy==2.0.49 \
    --hash=sha256:32fe6a41ad97302db2931f05bb91abbcc65b5ce4c675cd44b972428dd2947700
starlette==1.3.1 \
    --hash=sha256:c7372aae11c3c3f26a42df7bd626cec2f47d03483d261d369516a615a53714c6
typing-inspection==0.4.2 \
    --hash=sha256:4ed1cacbdc298c220f1bd249ed5287caa16f34d44ef4e9c3d0cbad5b521545e7
typing_extensions==4.16.0 \
    --hash=sha256:481caa481374e813c1b176ada14e97f1f67a4539ce9cfeb3f350d78d6370c2e8
tzdata==2026.3 \
    --hash=sha256:dc096730c87af6cab1b171c9d532be840741ff5d459015e7f6947bd7d7e54931
tzlocal==5.4.4 \
    --hash=sha256:aae09f0126a8a86fa736be266eb4a471380d26a0de3bc14844e7821fee3e2a15
urllib3==2.7.0 \
    --hash=sha256:9fb4c81ebbb1ce9531cce37674bbc6f1360472bc18ca9a553ede278ef7276897
uvicorn==0.44.0 \
    --hash=sha256:ce937c99a2cc70279556967274414c087888e8cec9f9c94644dfca11bd3ced89
uvloop==0.22.1 \
    --hash=sha256:535cc37b3a04f6cd2c1ef65fa1d370c9a35b6695df735fcff5427323f2cd5473
vine==5.1.0 \
    --hash=sha256:40fdf3c48b2cfe1c38a49e9ae2da6fda88e4794c810050a728bd7413811fb1dc
watchfiles==1.2.0 \
    --hash=sha256:0d191c054d0715c3c95c99df9b8dbf6fd096d8c1e021e8f212e1bd8bc444ccb5
wcwidth==0.8.2 \
    --hash=sha256:d63947694a0539a1d51e01eda7caf800c291020e6cdd7e28ad7b14dd33ad4f85
websockets==17.0.1 \
    --hash=sha256:246927ae9ae06ca0d42a483a4bdb80d4862e1ee5b4cab37c354a5e1ad8356448
wrapt==2.3.0 \
    --hash=sha256:5ba1e5e08ddc46130e9682b2c249f2d1dd39bda9106ed4bd401b7519f18f41bd
xlrd==2.0.1 \
    --hash=sha256:6a33ee89877bd9abc1158129f6e94be74e2679636b8a205b43b85206c3f0bbdd
